
Microsoft Visual Studio Solution File, Format Version 12.00
# Visual Studio Version 16
VisualStudioVersion = 16.0.29009.5
MinimumVisualStudioVersion = 10.0.40219.1
Project("{9A19103F-16F7-4668-BE54-9A1E7A4F7556}") = "SteidanPrime", "SteidanPrime\SteidanPrime.csproj", "{8FB28719-1D4F-4873-B05D-334F839CC7E8}"
EndProject
Global
	GlobalSection(SolutionConfigurationPlatforms) = preSolution
		Debug|Any CPU = Debug|Any CPU
		Release|Any CPU = Release|Any CPU
	EndGlobalSection
	GlobalSection(ProjectConfigurationPlatforms) = postSolution
		{8FB28719-1D4F-4873-B05D-334F839CC7E8}.Debug|Any CPU.ActiveCfg = Debug|Any CPU
		{8FB28719-1D4F-4873-B05D-334F839CC7E8}.Debug|Any CPU.Build.0 = Debug|Any CPU
		{8FB28719-1D4F-4873-B05D-334F839CC7E8}.Release|Any CPU.ActiveCfg = Release|Any CPU
		{8FB28719-1D4F-4873-B05D-334F839CC7E8}.Release|Any CPU.Build.0 = Release|Any CPU
	EndGlobalSection
	GlobalSection(SolutionProperties) = preSolution
		HideSolutionNode = FALSE
	EndGlobalSection
	GlobalSection(ExtensibilityGlobals) = postSolution
		SolutionGuid = {735324A7-D7E1-4CBF-8F94-85F4760B8E72}
	EndGlobalSection
EndGlobal
